
Microsoft Visual Studio Solution File, Format Version 12.00
# Visual Studio Version 17
VisualStudioVersion = 17.11.35431.28
MinimumVisualStudioVersion = 10.0.40219.1
Project("{9A19103F-16F7-4668-BE54-9A1E7A4F7556}") = "UserService", "UserService\UserService.csproj", "{6A37E7B1-DF40-4A45-B9F3-816E08272CFB}"
EndProject
Project("{9A19103F-16F7-4668-BE54-9A1E7A4F7556}") = "BidService", "BidService\BidService.csproj", "{F90C6100-4F00-4524-8999-13BC1AB08432}"
EndProject
Project("{9A19103F-16F7-4668-BE54-9A1E7A4F7556}") = "NotificationService", "NotificationService\NotificationService.csproj", "{70DAFBF8-9297-4789-980A-E2D0A394D4B6}"
EndProject
Project("{9A19103F-16F7-4668-BE54-9A1E7A4F7556}") = "RFQService", "RFQService\RFQService.csproj", "{275D7EE8-3B4F-47E9-BDB4-B136500ACD66}"
EndProject
Project("{9A19103F-16F7-4668-BE54-9A1E7A4F7556}") = "Dashboard Analytics System", "Dashboard Analytics System\Dashboard Analytics System.csproj", "{7ECBF4DC-D124-4BD1-BFBC-0290B287349F}"
EndProject
Project("{9A19103F-16F7-4668-BE54-9A1E7A4F7556}") = "BackOffice Services", "Backoffice Services\BackOffice Services.csproj", "{A901E6B8-C0FF-4175-840F-3987FB666C8E}"
EndProject
Project("{9A19103F-16F7-4668-BE54-9A1E7A4F7556}") = "SharedLibrary", "SharedLibrary\SharedLibrary.csproj", "{ECBDF0F8-6A8A-44CE-9407-A1EAA3704916}"
EndProject
Project("{9A19103F-16F7-4668-BE54-9A1E7A4F7556}") = "AuthService", "AuthService\AuthService.csproj", "{82D9A21E-E343-401B-98B4-C2C1A6C6CD88}"
EndProject
Global
	GlobalSection(SolutionConfigurationPlatforms) = preSolution
		Debug|Any CPU = Debug|Any CPU
		Release|Any CPU = Release|Any CPU
	EndGlobalSection
	GlobalSection(ProjectConfigurationPlatforms) = postSolution
		{6A37E7B1-DF40-4A45-B9F3-816E08272CFB}.Debug|Any CPU.ActiveCfg = Debug|Any CPU
		{6A37E7B1-DF40-4A45-B9F3-816E08272CFB}.Debug|Any CPU.Build.0 = Debug|Any CPU
		{6A37E7B1-DF40-4A45-B9F3-816E08272CFB}.Release|Any CPU.ActiveCfg = Release|Any CPU
		{6A37E7B1-DF40-4A45-B9F3-816E08272CFB}.Release|Any CPU.Build.0 = Release|Any CPU
		{F90C6100-4F00-4524-8999-13BC1AB08432}.Debug|Any CPU.ActiveCfg = Debug|Any CPU
		{F90C6100-4F00-4524-8999-13BC1AB08432}.Debug|Any CPU.Build.0 = Debug|Any CPU
		{F90C6100-4F00-4524-8999-13BC1AB08432}.Release|Any CPU.ActiveCfg = Release|Any CPU
		{F90C6100-4F00-4524-8999-13BC1AB08432}.Release|Any CPU.Build.0 = Release|Any CPU
		{70DAFBF8-9297-4789-980A-E2D0A394D4B6}.Debug|Any CPU.ActiveCfg = Debug|Any CPU
		{70DAFBF8-9297-4789-980A-E2D0A394D4B6}.Debug|Any CPU.Build.0 = Debug|Any CPU
		{70DAFBF8-9297-4789-980A-E2D0A394D4B6}.Release|Any CPU.ActiveCfg = Release|Any CPU
		{70DAFBF8-9297-4789-980A-E2D0A394D4B6}.Release|Any CPU.Build.0 = Release|Any CPU
		{275D7EE8-3B4F-47E9-BDB4-B136500ACD66}.Debug|Any CPU.ActiveCfg = Debug|Any CPU
		{275D7EE8-3B4F-47E9-BDB4-B136500ACD66}.Debug|Any CPU.Build.0 = Debug|Any CPU
		{275D7EE8-3B4F-47E9-BDB4-B136500ACD66}.Release|Any CPU.ActiveCfg = Release|Any CPU
		{275D7EE8-3B4F-47E9-BDB4-B136500ACD66}.Release|Any CPU.Build.0 = Release|Any CPU
		{7ECBF4DC-D124-4BD1-BFBC-0290B287349F}.Debug|Any CPU.ActiveCfg = Debug|Any CPU
		{7ECBF4DC-D124-4BD1-BFBC-0290B287349F}.Debug|Any CPU.Build.0 = Debug|Any CPU
		{7ECBF4DC-D124-4BD1-BFBC-0290B287349F}.Release|Any CPU.ActiveCfg = Release|Any CPU
		{7ECBF4DC-D124-4BD1-BFBC-0290B287349F}.Release|Any CPU.Build.0 = Release|Any CPU
		{A901E6B8-C0FF-4175-840F-3987FB666C8E}.Debug|Any CPU.ActiveCfg = Debug|Any CPU
		{A901E6B8-C0FF-4175-840F-3987FB666C8E}.Debug|Any CPU.Build.0 = Debug|Any CPU
		{A901E6B8-C0FF-4175-840F-3987FB666C8E}.Release|Any CPU.ActiveCfg = Release|Any CPU
		{A901E6B8-C0FF-4175-840F-3987FB666C8E}.Release|Any CPU.Build.0 = Release|Any CPU
		{ECBDF0F8-6A8A-44CE-9407-A1EAA3704916}.Debug|Any CPU.ActiveCfg = Debug|Any CPU
		{ECBDF0F8-6A8A-44CE-9407-A1EAA3704916}.Debug|Any CPU.Build.0 = Debug|Any CPU
		{ECBDF0F8-6A8A-44CE-9407-A1EAA3704916}.Release|Any CPU.ActiveCfg = Release|Any CPU
		{ECBDF0F8-6A8A-44CE-9407-A1EAA3704916}.Release|Any CPU.Build.0 = Release|Any CPU
		{82D9A21E-E343-401B-98B4-C2C1A6C6CD88}.Debug|Any CPU.ActiveCfg = Debug|Any CPU
		{82D9A21E-E343-401B-98B4-C2C1A6C6CD88}.Debug|Any CPU.Build.0 = Debug|Any CPU
		{82D9A21E-E343-401B-98B4-C2C1A6C6CD88}.Release|Any CPU.ActiveCfg = Release|Any CPU
		{82D9A21E-E343-401B-98B4-C2C1A6C6CD88}.Release|Any CPU.Build.0 = Release|Any CPU
	EndGlobalSection
	GlobalSection(SolutionProperties) = preSolution
		HideSolutionNode = FALSE
	EndGlobalSection
	GlobalSection(ExtensibilityGlobals) = postSolution
		SolutionGuid = {5DE8D974-4B11-4978-89DD-A0E19261472C}
	EndGlobalSection
EndGlobal
